
Microsoft Visual Studio Solution File, Format Version 12.00
# Visual Studio Version 17
VisualStudioVersion = 17.0.31903.59
MinimumVisualStudioVersion = 10.0.40219.1
Project("{FAE04EC0-301F-11D3-BF4B-00C04F79EFBC}") = "FormulaOne.Api", "FormulaOne.Api\FormulaOne.Api.csproj", "{8978D523-5F77-423D-A16F-C07D1DA1D95D}"
EndProject
Project("{FAE04EC0-301F-11D3-BF4B-00C04F79EFBC}") = "FormulaOne.Entities", "FormulaOne.Entities\FormulaOne.Entities.csproj", "{B4B2A492-CD49-4EF8-AF81-DABDB0879571}"
EndProject
Project("{FAE04EC0-301F-11D3-BF4B-00C04F79EFBC}") = "FormulaOne.DataService", "FormulaOne.DataService\FormulaOne.DataService.csproj", "{A041661C-30D5-4909-888E-9434765A462F}"
EndProject
Global
	GlobalSection(SolutionConfigurationPlatforms) = preSolution
		Debug|Any CPU = Debug|Any CPU
		Release|Any CPU = Release|Any CPU
	EndGlobalSection
	GlobalSection(SolutionProperties) = preSolution
		HideSolutionNode = FALSE
	EndGlobalSection
	GlobalSection(ProjectConfigurationPlatforms) = postSolution
		{8978D523-5F77-423D-A16F-C07D1DA1D95D}.Debug|Any CPU.ActiveCfg = Debug|Any CPU
		{8978D523-5F77-423D-A16F-C07D1DA1D95D}.Debug|Any CPU.Build.0 = Debug|Any CPU
		{8978D523-5F77-423D-A16F-C07D1DA1D95D}.Release|Any CPU.ActiveCfg = Release|Any CPU
		{8978D523-5F77-423D-A16F-C07D1DA1D95D}.Release|Any CPU.Build.0 = Release|Any CPU
		{B4B2A492-CD49-4EF8-AF81-DABDB0879571}.Debug|Any CPU.ActiveCfg = Debug|Any CPU
		{B4B2A492-CD49-4EF8-AF81-DABDB0879571}.Debug|Any CPU.Build.0 = Debug|Any CPU
		{B4B2A492-CD49-4EF8-AF81-DABDB0879571}.Release|Any CPU.ActiveCfg = Release|Any CPU
		{B4B2A492-CD49-4EF8-AF81-DABDB0879571}.Release|Any CPU.Build.0 = Release|Any CPU
		{A041661C-30D5-4909-888E-9434765A462F}.Debug|Any CPU.ActiveCfg = Debug|Any CPU
		{A041661C-30D5-4909-888E-9434765A462F}.Debug|Any CPU.Build.0 = Debug|Any CPU
		{A041661C-30D5-4909-888E-9434765A462F}.Release|Any CPU.ActiveCfg = Release|Any CPU
		{A041661C-30D5-4909-888E-9434765A462F}.Release|Any CPU.Build.0 = Release|Any CPU
	EndGlobalSection
EndGlobal
